
Microsoft Visual Studio Solution File, Format Version 12.00
# Visual Studio Version 17
VisualStudioVersion = 17.5.33627.172
MinimumVisualStudioVersion = 10.0.40219.1
Project("{9A19103F-16F7-4668-BE54-9A1E7A4F7556}") = "CompartiMOSS.Demo.Web", "src\CompartiMOSS.Demo.Web\CompartiMOSS.Demo.Web.csproj", "{7CEAFBFB-F7E6-4285-9B0F-57D4E1CF30E1}"
EndProject
Project("{2150E333-8FDC-42A3-9474-1A3956D46DE8}") = "_Solution Items", "_Solution Items", "{41A0EB27-2948-4926-BC58-668FD6A7E67C}"
	ProjectSection(SolutionItems) = preProject
		.dockerignore = .dockerignore
		.editorconfig = .editorconfig
		.gitattributes = .gitattributes
		.gitignore = .gitignore
		global.json = global.json
		NuGet.config = NuGet.config
	EndProjectSection
EndProject
Global
	GlobalSection(SolutionConfigurationPlatforms) = preSolution
		Debug|Any CPU = Debug|Any CPU
		Release|Any CPU = Release|Any CPU
	EndGlobalSection
	GlobalSection(ProjectConfigurationPlatforms) = postSolution
		{7CEAFBFB-F7E6-4285-9B0F-57D4E1CF30E1}.Debug|Any CPU.ActiveCfg = Debug|Any CPU
		{7CEAFBFB-F7E6-4285-9B0F-57D4E1CF30E1}.Debug|Any CPU.Build.0 = Debug|Any CPU
		{7CEAFBFB-F7E6-4285-9B0F-57D4E1CF30E1}.Release|Any CPU.ActiveCfg = Release|Any CPU
		{7CEAFBFB-F7E6-4285-9B0F-57D4E1CF30E1}.Release|Any CPU.Build.0 = Release|Any CPU
	EndGlobalSection
	GlobalSection(SolutionProperties) = preSolution
		HideSolutionNode = FALSE
	EndGlobalSection
	GlobalSection(ExtensibilityGlobals) = postSolution
		SolutionGuid = {FEC1D540-7722-4FE3-8234-0DA35F14EA45}
	EndGlobalSection
EndGlobal
